PODS:
  - AppAuth (1.6.0):
    - AppAuth/Core (= 1.6.0)
    - AppAuth/ExternalUserAgent (= 1.6.0)
  - AppAuth/Core (1.6.0)
  - AppAuth/ExternalUserAgent (1.6.0):
    - AppAuth/Core
  - FBAEMKit (16.0.0):
    - FBSDKCoreKit_Basics (= 16.0.0)
  - FBSDKCoreKit (16.0.0):
    - FBAEMKit (= 16.0.0)
    - FBSDKCoreKit_Basics (= 16.0.0)
  - FBSDKCoreKit_Basics (16.0.0)
  - FBSDKLoginKit (16.0.0):
    - FBSDKCoreKit (= 16.0.0)
  - GoogleSignIn (7.0.0):
    - AppAuth (~> 1.5)
    - GTMAppAuth (< 3.0, >= 1.3)
    - GTMSessionFetcher/Core (< 4.0, >= 1.1)
  - GTMAppAuth (2.0.0):
    - AppAuth/Core (~> 1.6)
    - GTMSessionFetcher/Core (< 4.0, >= 1.5)
  - GTMSessionFetcher/Core (3.1.0)
  - LineSDKSwift (5.9.0):
    - LineSDKSwift/Core (= 5.9.0)
  - LineSDKSwift/Core (5.9.0)
  - TwitterCore (3.2.0)
  - TwitterKit (3.4.2):
    - TwitterCore (>= 3.2.0)
  - YJLoginSDK (1.2.0)

DEPENDENCIES:
  - FBSDKCoreKit
  - FBSDKLoginKit
  - GoogleSignIn
  - LineSDKSwift
  - TwitterKit
  - YJLoginSDK

SPEC REPOS:
  trunk:
    - AppAuth
    - FBAEMKit
    - FBSDKCoreKit
    - FBSDKCoreKit_Basics
    - FBSDKLoginKit
    - GoogleSignIn
    - GTMAppAuth
    - GTMSessionFetcher
    - LineSDKSwift
    - TwitterCore
    - TwitterKit
    - YJLoginSDK

SPEC CHECKSUMS:
  AppAuth: 8fca6b5563a5baef2c04bee27538025e4ceb2add
  FBAEMKit: 7fb5a0b5caf2ed2900e29c3a17de92ea7193a247
  FBSDKCoreKit: 2a77418391aaa5da38ebf57b90b6de42cebcce6a
  FBSDKCoreKit_Basics: 65c5b3146f38705b95338b54f68ea086bcc468dd
  FBSDKLoginKit: 1a0deda07b1136beb0d468bf154393de6c16e291
  GoogleSignIn: b232380cf495a429b8095d3178a8d5855b42e842
  GTMAppAuth: 99fb010047ba3973b7026e45393f51f27ab965ae
  GTMSessionFetcher: c9e714f7eec91a55641e2bab9f45fd83a219b882
  LineSDKSwift: 97d6306ca17ae41520f29eb5dff4077dd81f08b2
  TwitterCore: 8cbc9ad34d91c63a0035ea05bfbfc0d7ca72a28c
  TwitterKit: 5e4f41d70b9abdb41df5467f52d7aa2c0fd26ebb
  YJLoginSDK: 659d41383c33a26190050b2e713a7e666c67996f

PODFILE CHECKSUM: 613ea36c08dd1acc87bb804a26414b8ceb60330f

COCOAPODS: 1.11.3
